
Microsoft Visual Studio Solution File, Format Version 12.00
# Visual Studio Version 16
VisualStudioVersion = 16.0.29905.134
MinimumVisualStudioVersion = 10.0.40219.1
Project("{9A19103F-16F7-4668-BE54-9A1E7A4F7556}") = "CalculoSalario", "CalculoSalario\CalculoSalario.csproj", "{5800DA98-FE1A-45A6-A671-25EDAB440D87}"
EndProject
Project("{FAE04EC0-301F-11D3-BF4B-00C04F79EFBC}") = "EstacionamentoGradual", "Estacionamento\EstacionamentoGradual.csproj", "{252DB48A-5418-41B9-B69D-AC52B701EBFD}"
EndProject
Global
	GlobalSection(SolutionConfigurationPlatforms) = preSolution
		Debug|Any CPU = Debug|Any CPU
		Release|Any CPU = Release|Any CPU
	EndGlobalSection
	GlobalSection(ProjectConfigurationPlatforms) = postSolution
		{5800DA98-FE1A-45A6-A671-25EDAB440D87}.Debug|Any CPU.ActiveCfg = Debug|Any CPU
		{5800DA98-FE1A-45A6-A671-25EDAB440D87}.Debug|Any CPU.Build.0 = Debug|Any CPU
		{5800DA98-FE1A-45A6-A671-25EDAB440D87}.Release|Any CPU.ActiveCfg = Release|Any CPU
		{5800DA98-FE1A-45A6-A671-25EDAB440D87}.Release|Any CPU.Build.0 = Release|Any CPU
		{252DB48A-5418-41B9-B69D-AC52B701EBFD}.Debug|Any CPU.ActiveCfg = Debug|Any CPU
		{252DB48A-5418-41B9-B69D-AC52B701EBFD}.Debug|Any CPU.Build.0 = Debug|Any CPU
		{252DB48A-5418-41B9-B69D-AC52B701EBFD}.Release|Any CPU.ActiveCfg = Release|Any CPU
		{252DB48A-5418-41B9-B69D-AC52B701EBFD}.Release|Any CPU.Build.0 = Release|Any CPU
	EndGlobalSection
	GlobalSection(SolutionProperties) = preSolution
		HideSolutionNode = FALSE
	EndGlobalSection
	GlobalSection(ExtensibilityGlobals) = postSolution
		SolutionGuid = {F8A13D42-16B5-436B-A54F-5071FEB4ACE4}
	EndGlobalSection
EndGlobal
